
Microsoft Visual Studio Solution File, Format Version 12.00
# Visual Studio 15
VisualStudioVersion = 15.0.27004.2008
MinimumVisualStudioVersion = 10.0.40219.1
Project("{FAE04EC0-301F-11D3-BF4B-00C04F79EFBC}") = "FreshEssentialsExemplo.Android", "FreshEssentialsExemplo\FreshEssentialsExemplo.Android\FreshEssentialsExemplo.Android.csproj", "{B1F2ED32-8623-4518-B3D2-9E1EEB322438}"
EndProject
Project("{FAE04EC0-301F-11D3-BF4B-00C04F79EFBC}") = "FreshEssentialsExemplo", "FreshEssentialsExemplo\FreshEssentialsExemplo\FreshEssentialsExemplo.csproj", "{33D424E3-CA69-4A92-9492-88604273EF0F}"
EndProject
Project("{FAE04EC0-301F-11D3-BF4B-00C04F79EFBC}") = "FreshEssentialsExemplo.UWP", "FreshEssentialsExemplo\FreshEssentialsExemplo.UWP\FreshEssentialsExemplo.UWP.csproj", "{49FA787D-753F-4D9C-BDFF-2F0DBF7312DE}"
EndProject
Project("{FAE04EC0-301F-11D3-BF4B-00C04F79EFBC}") = "FreshEssentialsExemplo.iOS", "FreshEssentialsExemplo\FreshEssentialsExemplo.iOS\FreshEssentialsExemplo.iOS.csproj", "{5C136D2D-EFEA-43D8-B4BE-5177024192BB}"
EndProject
Global
	GlobalSection(SolutionConfigurationPlatforms) = preSolution
		Ad-Hoc|Any CPU = Ad-Hoc|Any CPU
		Ad-Hoc|ARM = Ad-Hoc|ARM
		Ad-Hoc|iPhone = Ad-Hoc|iPhone
		Ad-Hoc|iPhoneSimulator = Ad-Hoc|iPhoneSimulator
		Ad-Hoc|x64 = Ad-Hoc|x64
		Ad-Hoc|x86 = Ad-Hoc|x86
		AppStore|Any CPU = AppStore|Any CPU
		AppStore|ARM = AppStore|ARM
		AppStore|iPhone = AppStore|iPhone
		AppStore|iPhoneSimulator = AppStore|iPhoneSimulator
		AppStore|x64 = AppStore|x64
		AppStore|x86 = AppStore|x86
		Debug|Any CPU = Debug|Any CPU
		Debug|ARM = Debug|ARM
		Debug|iPhone = Debug|iPhone
		Debug|iPhoneSimulator = Debug|iPhoneSimulator
		Debug|x64 = Debug|x64
		Debug|x86 = Debug|x86
		Release|Any CPU = Release|Any CPU
		Release|ARM = Release|ARM
		Release|iPhone = Release|iPhone
		Release|iPhoneSimulator = Release|iPhoneSimulator
		Release|x64 = Release|x64
		Release|x86 = Release|x86
	EndGlobalSection
	GlobalSection(ProjectConfigurationPlatforms) = postSolution
		{B1F2ED32-8623-4518-B3D2-9E1EEB322438}.Ad-Hoc|Any CPU.ActiveCfg = Release|Any CPU
		{B1F2ED32-8623-4518-B3D2-9E1EEB322438}.Ad-Hoc|Any CPU.Build.0 = Release|Any CPU
		{B1F2ED32-8623-4518-B3D2-9E1EEB322438}.Ad-Hoc|Any CPU.Deploy.0 = Release|Any CPU
		{B1F2ED32-8623-4518-B3D2-9E1EEB322438}.Ad-Hoc|ARM.ActiveCfg = Release|Any CPU
		{B1F2ED32-8623-4518-B3D2-9E1EEB322438}.Ad-Hoc|ARM.Build.0 = Release|Any CPU
		{B1F2ED32-8623-4518-B3D2-9E1EEB322438}.Ad-Hoc|ARM.Deploy.0 = Release|Any CPU
		{B1F2ED32-8623-4518-B3D2-9E1EEB322438}.Ad-Hoc|iPhone.ActiveCfg = Release|Any CPU
		{B1F2ED32-8623-4518-B3D2-9E1EEB322438}.Ad-Hoc|iPhone.Build.0 = Release|Any CPU
		{B1F2ED32-8623-4518-B3D2-9E1EEB322438}.Ad-Hoc|iPhone.Deploy.0 = Release|Any CPU
		{B1F2ED32-8623-4518-B3D2-9E1EEB322438}.Ad-Hoc|iPhoneSimulator.ActiveCfg = Release|Any CPU
		{B1F2ED32-8623-4518-B3D2-9E1EEB322438}.Ad-Hoc|iPhoneSimulator.Build.0 = Release|Any CPU
		{B1F2ED32-8623-4518-B3D2-9E1EEB322438}.Ad-Hoc|iPhoneSimulator.Deploy.0 = Release|Any CPU
		{B1F2ED32-8623-4518-B3D2-9E1EEB322438}.Ad-Hoc|x64.ActiveCfg = Release|Any CPU
		{B1F2ED32-8623-4518-B3D2-9E1EEB322438}.Ad-Hoc|x64.Build.0 = Release|Any CPU
		{B1F2ED32-8623-4518-B3D2-9E1EEB322438}.Ad-Hoc|x64.Deploy.0 = Release|Any CPU
		{B1F2ED32-8623-4518-B3D2-9E1EEB322438}.Ad-Hoc|x86.ActiveCfg = Release|Any CPU
		{B1F2ED32-8623-4518-B3D2-9E1EEB322438}.Ad-Hoc|x86.Build.0 = Release|Any CPU
		{B1F2ED32-8623-4518-B3D2-9E1EEB322438}.Ad-Hoc|x86.Deploy.0 = Release|Any CPU
		{B1F2ED32-8623-4518-B3D2-9E1EEB322438}.AppStore|Any CPU.ActiveCfg = Release|Any CPU
		{B1F2ED32-8623-4518-B3D2-9E1EEB322438}.AppStore|Any CPU.Build.0 = Release|Any CPU
		{B1F2ED32-8623-4518-B3D2-9E1EEB322438}.AppStore|Any CPU.Deploy.0 = Release|Any CPU
		{B1F2ED32-8623-4518-B3D2-9E1EEB322438}.AppStore|ARM.ActiveCfg = Release|Any CPU
		{B1F2ED32-8623-4518-B3D2-9E1EEB322438}.AppStore|ARM.Build.0 = Release|Any CPU
		{B1F2ED32-8623-4518-B3D2-9E1EEB322438}.AppStore|ARM.Deploy.0 = Release|Any CPU
		{B1F2ED32-8623-4518-B3D2-9E1EEB322438}.AppStore|iPhone.ActiveCfg = Release|Any CPU
		{B1F2ED32-8623-4518-B3D2-9E1EEB322438}.AppStore|iPhone.Build.0 = Release|Any CPU
		{B1F2ED32-8623-4518-B3D2-9E1EEB322438}.AppStore|iPhone.Deploy.0 = Release|Any CPU
		{B1F2ED32-8623-4518-B3D2-9E1EEB322438}.AppStore|iPhoneSimulator.ActiveCfg = Release|Any CPU
		{B1F2ED32-8623-4518-B3D2-9E1EEB322438}.AppStore|iPhoneSimulator.Build.0 = Release|Any CPU
		{B1F2ED32-8623-4518-B3D2-9E1EEB322438}.AppStore|iPhoneSimulator.Deploy.0 = Release|Any CPU
		{B1F2ED32-8623-4518-B3D2-9E1EEB322438}.AppStore|x64.ActiveCfg = Release|Any CPU
		{B1F2ED32-8623-4518-B3D2-9E1EEB322438}.AppStore|x64.Build.0 = Release|Any CPU
		{B1F2ED32-8623-4518-B3D2-9E1EEB322438}.AppStore|x64.Deploy.0 = Release|Any CPU
		{B1F2ED32-8623-4518-B3D2-9E1EEB322438}.AppStore|x86.ActiveCfg = Release|Any CPU
		{B1F2ED32-8623-4518-B3D2-9E1EEB322438}.AppStore|x86.Build.0 = Release|Any CPU
		{B1F2ED32-8623-4518-B3D2-9E1EEB322438}.AppStore|x86.Deploy.0 = Release|Any CPU
		{B1F2ED32-8623-4518-B3D2-9E1EEB322438}.Debug|Any CPU.ActiveCfg = Debug|Any CPU
		{B1F2ED32-8623-4518-B3D2-9E1EEB322438}.Debug|Any CPU.Build.0 = Debug|Any CPU
		{B1F2ED32-8623-4518-B3D2-9E1EEB322438}.Debug|Any CPU.Deploy.0 = Debug|Any CPU
		{B1F2ED32-8623-4518-B3D2-9E1EEB322438}.Debug|ARM.ActiveCfg = Debug|Any CPU
		{B1F2ED32-8623-4518-B3D2-9E1EEB322438}.Debug|ARM.Build.0 = Debug|Any CPU
		{B1F2ED32-8623-4518-B3D2-9E1EEB322438}.Debug|ARM.Deploy.0 = Debug|Any CPU
		{B1F2ED32-8623-4518-B3D2-9E1EEB322438}.Debug|iPhone.ActiveCfg = Debug|Any CPU
		{B1F2ED32-8623-4518-B3D2-9E1EEB322438}.Debug|iPhone.Build.0 = Debug|Any CPU
		{B1F2ED32-8623-4518-B3D2-9E1EEB322438}.Debug|iPhone.Deploy.0 = Debug|Any CPU
		{B1F2ED32-8623-4518-B3D2-9E1EEB322438}.Debug|iPhoneSimulator.ActiveCfg = Debug|Any CPU
		{B1F2ED32-8623-4518-B3D2-9E1EEB322438}.Debug|iPhoneSimulator.Build.0 = Debug|Any CPU
		{B1F2ED32-8623-4518-B3D2-9E1EEB322438}.Debug|iPhoneSimulator.Deploy.0 = Debug|Any CPU
		{B1F2ED32-8623-4518-B3D2-9E1EEB322438}.Debug|x64.ActiveCfg = Debug|Any CPU
		{B1F2ED32-8623-4518-B3D2-9E1EEB322438}.Debug|x64.Build.0 = Debug|Any CPU
		{B1F2ED32-8623-4518-B3D2-9E1EEB322438}.Debug|x64.Deploy.0 = Debug|Any CPU
		{B1F2ED32-8623-4518-B3D2-9E1EEB322438}.Debug|x86.ActiveCfg = Debug|Any CPU
		{B1F2ED32-8623-4518-B3D2-9E1EEB322438}.Debug|x86.Build.0 = Debug|Any CPU
		{B1F2ED32-8623-4518-B3D2-9E1EEB322438}.Debug|x86.Deploy.0 = Debug|Any CPU
		{B1F2ED32-8623-4518-B3D2-9E1EEB322438}.Release|Any CPU.ActiveCfg = Release|Any CPU
		{B1F2ED32-8623-4518-B3D2-9E1EEB322438}.Release|Any CPU.Build.0 = Release|Any CPU
		{B1F2ED32-8623-4518-B3D2-9E1EEB322438}.Release|Any CPU.Deploy.0 = Release|Any CPU
		{B1F2ED32-8623-4518-B3D2-9E1EEB322438}.Release|ARM.ActiveCfg = Release|Any CPU
		{B1F2ED32-8623-4518-B3D2-9E1EEB322438}.Release|ARM.Build.0 = Release|Any CPU
		{B1F2ED32-8623-4518-B3D2-9E1EEB322438}.Release|ARM.Deploy.0 = Release|Any CPU
		{B1F2ED32-8623-4518-B3D2-9E1EEB322438}.Release|iPhone.ActiveCfg = Release|Any CPU
		{B1F2ED32-8623-4518-B3D2-9E1EEB322438}.Release|iPhone.Build.0 = Release|Any CPU
		{B1F2ED32-8623-4518-B3D2-9E1EEB322438}.Release|iPhone.Deploy.0 = Release|Any CPU
		{B1F2ED32-8623-4518-B3D2-9E1EEB322438}.Release|iPhoneSimulator.ActiveCfg = Release|Any CPU
		{B1F2ED32-8623-4518-B3D2-9E1EEB322438}.Release|iPhoneSimulator.Build.0 = Release|Any CPU
		{B1F2ED32-8623-4518-B3D2-9E1EEB322438}.Release|iPhoneSimulator.Deploy.0 = Release|Any CPU
		{B1F2ED32-8623-4518-B3D2-9E1EEB322438}.Release|x64.ActiveCfg = Release|Any CPU
		{B1F2ED32-8623-4518-B3D2-9E1EEB322438}.Release|x64.Build.0 = Release|Any CPU
		{B1F2ED32-8623-4518-B3D2-9E1EEB322438}.Release|x64.Deploy.0 = Release|Any CPU
		{B1F2ED32-8623-4518-B3D2-9E1EEB322438}.Release|x86.ActiveCfg = Release|Any CPU
		{B1F2ED32-8623-4518-B3D2-9E1EEB322438}.Release|x86.Build.0 = Release|Any CPU
		{B1F2ED32-8623-4518-B3D2-9E1EEB322438}.Release|x86.Deploy.0 = Release|Any CPU
		{33D424E3-CA69-4A92-9492-88604273EF0F}.Ad-Hoc|Any CPU.ActiveCfg = Release|Any CPU
		{33D424E3-CA69-4A92-9492-88604273EF0F}.Ad-Hoc|Any CPU.Build.0 = Release|Any CPU
		{33D424E3-CA69-4A92-9492-88604273EF0F}.Ad-Hoc|ARM.ActiveCfg = Release|Any CPU
		{33D424E3-CA69-4A92-9492-88604273EF0F}.Ad-Hoc|ARM.Build.0 = Release|Any CPU
		{33D424E3-CA69-4A92-9492-88604273EF0F}.Ad-Hoc|iPhone.ActiveCfg = Release|Any CPU
		{33D424E3-CA69-4A92-9492-88604273EF0F}.Ad-Hoc|iPhone.Build.0 = Release|Any CPU
		{33D424E3-CA69-4A92-9492-88604273EF0F}.Ad-Hoc|iPhoneSimulator.ActiveCfg = Release|Any CPU
		{33D424E3-CA69-4A92-9492-88604273EF0F}.Ad-Hoc|iPhoneSimulator.Build.0 = Release|Any CPU
		{33D424E3-CA69-4A92-9492-88604273EF0F}.Ad-Hoc|x64.ActiveCfg = Release|Any CPU
		{33D424E3-CA69-4A92-9492-88604273EF0F}.Ad-Hoc|x64.Build.0 = Release|Any CPU
		{33D424E3-CA69-4A92-9492-88604273EF0F}.Ad-Hoc|x86.ActiveCfg = Release|Any CPU
		{33D424E3-CA69-4A92-9492-88604273EF0F}.Ad-Hoc|x86.Build.0 = Release|Any CPU
		{33D424E3-CA69-4A92-9492-88604273EF0F}.AppStore|Any CPU.ActiveCfg = Release|Any CPU
		{33D424E3-CA69-4A92-9492-88604273EF0F}.AppStore|Any CPU.Build.0 = Release|Any CPU
		{33D424E3-CA69-4A92-9492-88604273EF0F}.AppStore|ARM.ActiveCfg = Release|Any CPU
		{33D424E3-CA69-4A92-9492-88604273EF0F}.AppStore|ARM.Build.0 = Release|Any CPU
		{33D424E3-CA69-4A92-9492-88604273EF0F}.AppStore|iPhone.ActiveCfg = Release|Any CPU
		{33D424E3-CA69-4A92-9492-88604273EF0F}.AppStore|iPhone.Build.0 = Release|Any CPU
		{33D424E3-CA69-4A92-9492-88604273EF0F}.AppStore|iPhoneSimulator.ActiveCfg = Release|Any CPU
		{33D424E3-CA69-4A92-9492-88604273EF0F}.AppStore|iPhoneSimulator.Build.0 = Release|Any CPU
		{33D424E3-CA69-4A92-9492-88604273EF0F}.AppStore|x64.ActiveCfg = Release|Any CPU
		{33D424E3-CA69-4A92-9492-88604273EF0F}.AppStore|x64.Build.0 = Release|Any CPU
		{33D424E3-CA69-4A92-9492-88604273EF0F}.AppStore|x86.ActiveCfg = Release|Any CPU
		{33D424E3-CA69-4A92-9492-88604273EF0F}.AppStore|x86.Build.0 = Release|Any CPU
		{33D424E3-CA69-4A92-9492-88604273EF0F}.Debug|Any CPU.ActiveCfg = Debug|Any CPU
		{33D424E3-CA69-4A92-9492-88604273EF0F}.Debug|Any CPU.Build.0 = Debug|Any CPU
		{33D424E3-CA69-4A92-9492-88604273EF0F}.Debug|ARM.ActiveCfg = Debug|Any CPU
		{33D424E3-CA69-4A92-9492-88604273EF0F}.Debug|ARM.Build.0 = Debug|Any CPU
		{33D424E3-CA69-4A92-9492-88604273EF0F}.Debug|iPhone.ActiveCfg = Debug|Any CPU
		{33D424E3-CA69-4A92-9492-88604273EF0F}.Debug|iPhone.Build.0 = Debug|Any CPU
		{33D424E3-CA69-4A92-9492-88604273EF0F}.Debug|iPhoneSimulator.ActiveCfg = Debug|Any CPU
		{33D424E3-CA69-4A92-9492-88604273EF0F}.Debug|iPhoneSimulator.Build.0 = Debug|Any CPU
		{33D424E3-CA69-4A92-9492-88604273EF0F}.Debug|x64.ActiveCfg = Debug|Any CPU
		{33D424E3-CA69-4A92-9492-88604273EF0F}.Debug|x64.Build.0 = Debug|Any CPU
		{33D424E3-CA69-4A92-9492-88604273EF0F}.Debug|x86.ActiveCfg = Debug|Any CPU
		{33D424E3-CA69-4A92-9492-88604273EF0F}.Debug|x86.Build.0 = Debug|Any CPU
		{33D424E3-CA69-4A92-9492-88604273EF0F}.Release|Any CPU.ActiveCfg = Release|Any CPU
		{33D424E3-CA69-4A92-9492-88604273EF0F}.Release|Any CPU.Build.0 = Release|Any CPU
		{33D424E3-CA69-4A92-9492-88604273EF0F}.Release|ARM.ActiveCfg = Release|Any CPU
		{33D424E3-CA69-4A92-9492-88604273EF0F}.Release|ARM.Build.0 = Release|Any CPU
		{33D424E3-CA69-4A92-9492-88604273EF0F}.Release|iPhone.ActiveCfg = Release|Any CPU
		{33D424E3-CA69-4A92-9492-88604273EF0F}.Release|iPhone.Build.0 = Release|Any CPU
		{33D424E3-CA69-4A92-9492-88604273EF0F}.Release|iPhoneSimulator.ActiveCfg = Release|Any CPU
		{33D424E3-CA69-4A92-9492-88604273EF0F}.Release|iPhoneSimulator.Build.0 = Release|Any CPU
		{33D424E3-CA69-4A92-9492-88604273EF0F}.Release|x64.ActiveCfg = Release|Any CPU
		{33D424E3-CA69-4A92-9492-88604273EF0F}.Release|x64.Build.0 = Release|Any CPU
		{33D424E3-CA69-4A92-9492-88604273EF0F}.Release|x86.ActiveCfg = Release|Any CPU
		{33D424E3-CA69-4A92-9492-88604273EF0F}.Release|x86.Build.0 = Release|Any CPU
		{49FA787D-753F-4D9C-BDFF-2F0DBF7312DE}.Ad-Hoc|Any CPU.ActiveCfg = Release|x86
		{49FA787D-753F-4D9C-BDFF-2F0DBF7312DE}.Ad-Hoc|Any CPU.Build.0 = Release|x86
		{49FA787D-753F-4D9C-BDFF-2F0DBF7312DE}.Ad-Hoc|Any CPU.Deploy.0 = Release|x86
		{49FA787D-753F-4D9C-BDFF-2F0DBF7312DE}.Ad-Hoc|ARM.ActiveCfg = Release|ARM
		{49FA787D-753F-4D9C-BDFF-2F0DBF7312DE}.Ad-Hoc|ARM.Build.0 = Release|ARM
		{49FA787D-753F-4D9C-BDFF-2F0DBF7312DE}.Ad-Hoc|ARM.Deploy.0 = Release|ARM
		{49FA787D-753F-4D9C-BDFF-2F0DBF7312DE}.Ad-Hoc|iPhone.ActiveCfg = Release|x86
		{49FA787D-753F-4D9C-BDFF-2F0DBF7312DE}.Ad-Hoc|iPhone.Build.0 = Release|x86
		{49FA787D-753F-4D9C-BDFF-2F0DBF7312DE}.Ad-Hoc|iPhone.Deploy.0 = Release|x86
		{49FA787D-753F-4D9C-BDFF-2F0DBF7312DE}.Ad-Hoc|iPhoneSimulator.ActiveCfg = Release|x86
		{49FA787D-753F-4D9C-BDFF-2F0DBF7312DE}.Ad-Hoc|iPhoneSimulator.Build.0 = Release|x86
		{49FA787D-753F-4D9C-BDFF-2F0DBF7312DE}.Ad-Hoc|iPhoneSimulator.Deploy.0 = Release|x86
		{49FA787D-753F-4D9C-BDFF-2F0DBF7312DE}.Ad-Hoc|x64.ActiveCfg = Release|x64
		{49FA787D-753F-4D9C-BDFF-2F0DBF7312DE}.Ad-Hoc|x64.Build.0 = Release|x64
		{49FA787D-753F-4D9C-BDFF-2F0DBF7312DE}.Ad-Hoc|x64.Deploy.0 = Release|x64
		{49FA787D-753F-4D9C-BDFF-2F0DBF7312DE}.Ad-Hoc|x86.ActiveCfg = Release|x86
		{49FA787D-753F-4D9C-BDFF-2F0DBF7312DE}.Ad-Hoc|x86.Build.0 = Release|x86
		{49FA787D-753F-4D9C-BDFF-2F0DBF7312DE}.Ad-Hoc|x86.Deploy.0 = Release|x86
		{49FA787D-753F-4D9C-BDFF-2F0DBF7312DE}.AppStore|Any CPU.ActiveCfg = Release|x86
		{49FA787D-753F-4D9C-BDFF-2F0DBF7312DE}.AppStore|Any CPU.Build.0 = Release|x86
		{49FA787D-753F-4D9C-BDFF-2F0DBF7312DE}.AppStore|Any CPU.Deploy.0 = Release|x86
		{49FA787D-753F-4D9C-BDFF-2F0DBF7312DE}.AppStore|ARM.ActiveCfg = Release|ARM
		{49FA787D-753F-4D9C-BDFF-2F0DBF7312DE}.AppStore|ARM.Build.0 = Release|ARM
		{49FA787D-753F-4D9C-BDFF-2F0DBF7312DE}.AppStore|ARM.Deploy.0 = Release|ARM
		{49FA787D-753F-4D9C-BDFF-2F0DBF7312DE}.AppStore|iPhone.ActiveCfg = Release|x86
		{49FA787D-753F-4D9C-BDFF-2F0DBF7312DE}.AppStore|iPhone.Build.0 = Release|x86
		{49FA787D-753F-4D9C-BDFF-2F0DBF7312DE}.AppStore|iPhone.Deploy.0 = Release|x86
		{49FA787D-753F-4D9C-BDFF-2F0DBF7312DE}.AppStore|iPhoneSimulator.ActiveCfg = Release|x86
		{49FA787D-753F-4D9C-BDFF-2F0DBF7312DE}.AppStore|iPhoneSimulator.Build.0 = Release|x86
		{49FA787D-753F-4D9C-BDFF-2F0DBF7312DE}.AppStore|iPhoneSimulator.Deploy.0 = Release|x86
		{49FA787D-753F-4D9C-BDFF-2F0DBF7312DE}.AppStore|x64.ActiveCfg = Release|x64
		{49FA787D-753F-4D9C-BDFF-2F0DBF7312DE}.AppStore|x64.Build.0 = Release|x64
		{49FA787D-753F-4D9C-BDFF-2F0DBF7312DE}.AppStore|x64.Deploy.0 = Release|x64
		{49FA787D-753F-4D9C-BDFF-2F0DBF7312DE}.AppStore|x86.ActiveCfg = Release|x86
		{49FA787D-753F-4D9C-BDFF-2F0DBF7312DE}.AppStore|x86.Build.0 = Release|x86
		{49FA787D-753F-4D9C-BDFF-2F0DBF7312DE}.AppStore|x86.Deploy.0 = Release|x86
		{49FA787D-753F-4D9C-BDFF-2F0DBF7312DE}.Debug|Any CPU.ActiveCfg = Debug|x86
		{49FA787D-753F-4D9C-BDFF-2F0DBF7312DE}.Debug|ARM.ActiveCfg = Debug|ARM
		{49FA787D-753F-4D9C-BDFF-2F0DBF7312DE}.Debug|ARM.Build.0 = Debug|ARM
		{49FA787D-753F-4D9C-BDFF-2F0DBF7312DE}.Debug|ARM.Deploy.0 = Debug|ARM
		{49FA787D-753F-4D9C-BDFF-2F0DBF7312DE}.Debug|iPhone.ActiveCfg = Debug|x86
		{49FA787D-753F-4D9C-BDFF-2F0DBF7312DE}.Debug|iPhoneSimulator.ActiveCfg = Debug|x86
		{49FA787D-753F-4D9C-BDFF-2F0DBF7312DE}.Debug|x64.ActiveCfg = Debug|x64
		{49FA787D-753F-4D9C-BDFF-2F0DBF7312DE}.Debug|x64.Build.0 = Debug|x64
		{49FA787D-753F-4D9C-BDFF-2F0DBF7312DE}.Debug|x64.Deploy.0 = Debug|x64
		{49FA787D-753F-4D9C-BDFF-2F0DBF7312DE}.Debug|x86.ActiveCfg = Debug|x86
		{49FA787D-753F-4D9C-BDFF-2F0DBF7312DE}.Debug|x86.Build.0 = Debug|x86
		{49FA787D-753F-4D9C-BDFF-2F0DBF7312DE}.Debug|x86.Deploy.0 = Debug|x86
		{49FA787D-753F-4D9C-BDFF-2F0DBF7312DE}.Release|Any CPU.ActiveCfg = Release|x86
		{49FA787D-753F-4D9C-BDFF-2F0DBF7312DE}.Release|ARM.ActiveCfg = Release|ARM
		{49FA787D-753F-4D9C-BDFF-2F0DBF7312DE}.Release|ARM.Build.0 = Release|ARM
		{49FA787D-753F-4D9C-BDFF-2F0DBF7312DE}.Release|ARM.Deploy.0 = Release|ARM
		{49FA787D-753F-4D9C-BDFF-2F0DBF7312DE}.Release|iPhone.ActiveCfg = Release|x86
		{49FA787D-753F-4D9C-BDFF-2F0DBF7312DE}.Release|iPhoneSimulator.ActiveCfg = Release|x86
		{49FA787D-753F-4D9C-BDFF-2F0DBF7312DE}.Release|x64.ActiveCfg = Release|x64
		{49FA787D-753F-4D9C-BDFF-2F0DBF7312DE}.Release|x64.Build.0 = Release|x64
		{49FA787D-753F-4D9C-BDFF-2F0DBF7312DE}.Release|x64.Deploy.0 = Release|x64
		{49FA787D-753F-4D9C-BDFF-2F0DBF7312DE}.Release|x86.ActiveCfg = Release|x86
		{49FA787D-753F-4D9C-BDFF-2F0DBF7312DE}.Release|x86.Build.0 = Release|x86
		{49FA787D-753F-4D9C-BDFF-2F0DBF7312DE}.Release|x86.Deploy.0 = Release|x86
		{5C136D2D-EFEA-43D8-B4BE-5177024192BB}.Ad-Hoc|Any CPU.ActiveCfg = Ad-Hoc|iPhoneSimulator
		{5C136D2D-EFEA-43D8-B4BE-5177024192BB}.Ad-Hoc|ARM.ActiveCfg = Ad-Hoc|iPhone
		{5C136D2D-EFEA-43D8-B4BE-5177024192BB}.Ad-Hoc|iPhone.ActiveCfg = Ad-Hoc|iPhone
		{5C136D2D-EFEA-43D8-B4BE-5177024192BB}.Ad-Hoc|iPhone.Build.0 = Ad-Hoc|iPhone
		{5C136D2D-EFEA-43D8-B4BE-5177024192BB}.Ad-Hoc|iPhoneSimulator.ActiveCfg = Ad-Hoc|iPhoneSimulator
		{5C136D2D-EFEA-43D8-B4BE-5177024192BB}.Ad-Hoc|iPhoneSimulator.Build.0 = Ad-Hoc|iPhoneSimulator
		{5C136D2D-EFEA-43D8-B4BE-5177024192BB}.Ad-Hoc|x64.ActiveCfg = Ad-Hoc|iPhone
		{5C136D2D-EFEA-43D8-B4BE-5177024192BB}.Ad-Hoc|x86.ActiveCfg = Ad-Hoc|iPhone
		{5C136D2D-EFEA-43D8-B4BE-5177024192BB}.AppStore|Any CPU.ActiveCfg = AppStore|iPhoneSimulator
		{5C136D2D-EFEA-43D8-B4BE-5177024192BB}.AppStore|ARM.ActiveCfg = AppStore|iPhone
		{5C136D2D-EFEA-43D8-B4BE-5177024192BB}.AppStore|iPhone.ActiveCfg = AppStore|iPhone
		{5C136D2D-EFEA-43D8-B4BE-5177024192BB}.AppStore|iPhone.Build.0 = AppStore|iPhone
		{5C136D2D-EFEA-43D8-B4BE-5177024192BB}.AppStore|iPhoneSimulator.ActiveCfg = AppStore|iPhoneSimulator
		{5C136D2D-EFEA-43D8-B4BE-5177024192BB}.AppStore|iPhoneSimulator.Build.0 = AppStore|iPhoneSimulator
		{5C136D2D-EFEA-43D8-B4BE-5177024192BB}.AppStore|x64.ActiveCfg = AppStore|iPhone
		{5C136D2D-EFEA-43D8-B4BE-5177024192BB}.AppStore|x86.ActiveCfg = AppStore|iPhone
		{5C136D2D-EFEA-43D8-B4BE-5177024192BB}.Debug|Any CPU.ActiveCfg = Debug|iPhoneSimulator
		{5C136D2D-EFEA-43D8-B4BE-5177024192BB}.Debug|ARM.ActiveCfg = Debug|iPhone
		{5C136D2D-EFEA-43D8-B4BE-5177024192BB}.Debug|iPhone.ActiveCfg = Debug|iPhone
		{5C136D2D-EFEA-43D8-B4BE-5177024192BB}.Debug|iPhone.Build.0 = Debug|iPhone
		{5C136D2D-EFEA-43D8-B4BE-5177024192BB}.Debug|iPhoneSimulator.ActiveCfg = Debug|iPhoneSimulator
		{5C136D2D-EFEA-43D8-B4BE-5177024192BB}.Debug|iPhoneSimulator.Build.0 = Debug|iPhoneSimulator
		{5C136D2D-EFEA-43D8-B4BE-5177024192BB}.Debug|x64.ActiveCfg = Debug|iPhone
		{5C136D2D-EFEA-43D8-B4BE-5177024192BB}.Debug|x86.ActiveCfg = Debug|iPhone
		{5C136D2D-EFEA-43D8-B4BE-5177024192BB}.Release|Any CPU.ActiveCfg = Release|iPhoneSimulator
		{5C136D2D-EFEA-43D8-B4BE-5177024192BB}.Release|ARM.ActiveCfg = Release|iPhone
		{5C136D2D-EFEA-43D8-B4BE-5177024192BB}.Release|iPhone.ActiveCfg = Release|iPhone
		{5C136D2D-EFEA-43D8-B4BE-5177024192BB}.Release|iPhone.Build.0 = Release|iPhone
		{5C136D2D-EFEA-43D8-B4BE-5177024192BB}.Release|iPhoneSimulator.ActiveCfg = Release|iPhoneSimulator
		{5C136D2D-EFEA-43D8-B4BE-5177024192BB}.Release|iPhoneSimulator.Build.0 = Release|iPhoneSimulator
		{5C136D2D-EFEA-43D8-B4BE-5177024192BB}.Release|x64.ActiveCfg = Release|iPhone
		{5C136D2D-EFEA-43D8-B4BE-5177024192BB}.Release|x86.ActiveCfg = Release|iPhone
	EndGlobalSection
	GlobalSection(SolutionProperties) = preSolution
		HideSolutionNode = FALSE
	EndGlobalSection
	GlobalSection(ExtensibilityGlobals) = postSolution
		SolutionGuid = {519EB37E-D366-4885-A09B-38212EEC93DE}
	EndGlobalSection
EndGlobal
